
Microsoft Visual Studio Solution File, Format Version 12.00
# Visual Studio Version 17
VisualStudioVersion = 17.0.31903.59
MinimumVisualStudioVersion = 10.0.40219.1
Project("{FAE04EC0-301F-11D3-BF4B-00C04F79EFBC}") = "AvaloniaDemoApp", "AvaloniaDemoApp.csproj", "{F7834131-B419-63E9-0A48-A7B5E6E940EA}"
EndProject
Global
	GlobalSection(SolutionConfigurationPlatforms) = preSolution
		Debug|Any CPU = Debug|Any CPU
		Release|Any CPU = Release|Any CPU
	EndGlobalSection
	GlobalSection(ProjectConfigurationPlatforms) = postSolution
		{F7834131-B419-63E9-0A48-A7B5E6E940EA}.Debug|Any CPU.ActiveCfg = Debug|Any CPU
		{F7834131-B419-63E9-0A48-A7B5E6E940EA}.Debug|Any CPU.Build.0 = Debug|Any CPU
		{F7834131-B419-63E9-0A48-A7B5E6E940EA}.Release|Any CPU.ActiveCfg = Release|Any CPU
		{F7834131-B419-63E9-0A48-A7B5E6E940EA}.Release|Any CPU.Build.0 = Release|Any CPU
	EndGlobalSection
	GlobalSection(SolutionProperties) = preSolution
		HideSolutionNode = FALSE
	EndGlobalSection
	GlobalSection(ExtensibilityGlobals) = postSolution
		SolutionGuid = {787D9FFD-99CF-43AB-9F71-0DD0F2890BE9}
	EndGlobalSection
EndGlobal
